// !$*UTF8*$!
{
	archiveVersion = 1;
	classes = {
	};
	objectVersion = 46;
	objects = {

/* Begin PBXBuildFile section */
		2E5C61B61AF5D17400C5C218 /* AppDelegate.swift in Sources */ = {isa = PBXBuildFile; fileRef = 2E5C61B51AF5D17400C5C218 /* AppDelegate.swift */; };
		2E5C61B81AF5D17400C5C218 /* ViewController.swift in Sources */ = {isa = PBXBuildFile; fileRef = 2E5C61B71AF5D17400C5C218 /* ViewController.swift */; };
		2E5C61BB1AF5D17400C5C218 /* Main.storyboard in Resources */ = {isa = PBXBuildFile; fileRef = 2E5C61B91AF5D17400C5C218 /* Main.storyboard */; };
		2E5C61BD1AF5D17400C5C218 /* Images.xcassets in Resources */ = {isa = PBXBuildFile; fileRef = 2E5C61BC1AF5D17400C5C218 /* Images.xcassets */; };
		2E5C61C01AF5D17400C5C218 /* LaunchScreen.xib in Resources */ = {isa = PBXBuildFile; fileRef = 2E5C61BE1AF5D17400C5C218 /* LaunchScreen.xib */; };
		2E5C61CC1AF5D17500C5C218 /* ShoeConverterTests.swift in Sources */ = {isa = PBXBuildFile; fileRef = 2E5C61CB1AF5D17500C5C218 /* ShoeConverterTests.swift */; };
/* End PBXBuildFile section */

/* Begin PBXContainerItemProxy section */
		2E5C61C61AF5D17500C5C218 /* PBXContainerItemProxy */ = {
			isa = PBXContainerItemProxy;
			containerPortal = 2E5C61A81AF5D17400C5C218 /* Project object */;
			proxyType = 1;
			remoteGlobalIDString = 2E5C61AF1AF5D17400C5C218;
			remoteInfo = ShoeConverter;
		};
/* End PBXContainerItemProxy section */

/* Begin PBXFileReference section */
		2E5C61B01AF5D17400C5C218 /* ShoeConverter.app */ = {isa = PBXFileReference; explicitFileType = wrapper.application; includeInIndex = 0; path = ShoeConverter.app; sourceTree = BUILT_PRODUCTS_DIR; };
		2E5C61B41AF5D17400C5C218 /* Info.plist */ = {isa = PBXFileReference; lastKnownFileType = text.plist.xml; path = Info.plist; sourceTree = "<group>"; };
		2E5C61B51AF5D17400C5C218 /* AppDelegate.swift */ = {isa = PBXFileReference; lastKnownFileType = sourcecode.swift; path = AppDelegate.swift; sourceTree = "<group>"; };
		2E5C61B71AF5D17400C5C218 /* ViewController.swift */ = {isa = PBXFileReference; lastKnownFileType = sourcecode.swift; path = ViewController.swift; sourceTree = "<group>"; };
		2E5C61BA1AF5D17400C5C218 /* Base */ = {isa = PBXFileReference; lastKnownFileType = file.storyboard; name = Base; path = Base.lproj/Main.storyboard; sourceTree = "<group>"; };
		2E5C61BC1AF5D17400C5C218 /* Images.xcassets */ = {isa = PBXFileReference; lastKnownFileType = folder.assetcatalog; path = Images.xcassets; sourceTree = "<group>"; };
		2E5C61BF1AF5D17400C5C218 /* Base */ = {isa = PBXFileReference; lastKnownFileType = file.xib; name = Base; path = Base.lproj/LaunchScreen.xib; sourceTree = "<group>"; };
		2E5C61C51AF5D17500C5C218 /* ShoeConverterTests.xctest */ = {isa = PBXFileReference; explicitFileType = wrapper.cfbundle; includeInIndex = 0; path = ShoeConverterTests.xctest; sourceTree = BUILT_PRODUCTS_DIR; };
		2E5C61CA1AF5D17500C5C218 /* Info.plist */ = {isa = PBXFileReference; lastKnownFileType = text.plist.xml; path = Info.plist; sourceTree = "<group>"; };
		2E5C61CB1AF5D17500C5C218 /* ShoeConverterTests.swift */ = {isa = PBXFileReference; lastKnownFileType = sourcecode.swift; path = ShoeConverterTests.swift; sourceTree = "<group>"; };
/* End PBXFileReference section */

/* Begin PBXFrameworksBuildPhase section */
		2E5C61AD1AF5D17400C5C218 /* Frameworks */ = {
			isa = PBXFrameworksBuildPhase;
			buildActionMask = 2147483647;
			files = (
			);
			runOnlyForDeploymentPostprocessing = 0;
		};
		2E5C61C21AF5D17500C5C218 /* Frameworks */ = {
			isa = PBXFrameworksBuildPhase;
			buildActionMask = 2147483647;
			files = (
			);
			runOnlyForDeploymentPostprocessing = 0;
		};
/* End PBXFrameworksBuildPhase section */

/* Begin PBXGroup section */
		2E5C61A71AF5D17400C5C218 = {
			isa = PBXGroup;
			children = (
				2E5C61B21AF5D17400C5C218 /* ShoeConverter */,
				2E5C61C81AF5D17500C5C218 /* ShoeConverterTests */,
				2E5C61B11AF5D17400C5C218 /* Products */,
			);
			sourceTree = "<group>";
		};
		2E5C61B11AF5D17400C5C218 /* Products */ = {
			isa = PBXGroup;
			children = (
				2E5C61B01AF5D17400C5C218 /* ShoeConverter.app */,
				2E5C61C51AF5D17500C5C218 /* ShoeConverterTests.xctest */,
			);
			name = Products;
			sourceTree = "<group>";
		};
		2E5C61B21AF5D17400C5C218 /* ShoeConverter */ = {
			isa = PBXGroup;
			children = (
				2E5C61B51AF5D17400C5C218 /* AppDelegate.swift */,
				2E5C61B71AF5D17400C5C218 /* ViewController.swift */,
				2E5C61B91AF5D17400C5C218 /* Main.storyboard */,
				2E5C61BC1AF5D17400C5C218 /* Images.xcassets */,
				2E5C61BE1AF5D17400C5C218 /* LaunchScreen.xib */,
				2E5C61B31AF5D17400C5C218 /* Supporting Files */,
			);
			path = ShoeConverter;
			sourceTree = "<group>";
		};
		2E5C61B31AF5D17400C5C218 /* Supporting Files */ = {
			isa = PBXGroup;
			children = (
				2E5C61B41AF5D17400C5C218 /* Info.plist */,
			);
			name = "Supporting Files";
			sourceTree = "<group>";
		};
		2E5C61C81AF5D17500C5C218 /* ShoeConverterTests */ = {
			isa = PBXGroup;
			children = (
				2E5C61CB1AF5D17500C5C218 /* ShoeConverterTests.swift */,
				2E5C61C91AF5D17500C5C218 /* Supporting Files */,
			);
			path = ShoeConverterTests;
			sourceTree = "<group>";
		};
		2E5C61C91AF5D17500C5C218 /* Supporting Files */ = {
			isa = PBXGroup;
			children = (
				2E5C61CA1AF5D17500C5C218 /* Info.plist */,
			);
			name = "Supporting Files";
			sourceTree = "<group>";
		};
/* End PBXGroup section */

/* Begin PBXNativeTarget section */
		2E5C61AF1AF5D17400C5C218 /* ShoeConverter */ = {
			isa = PBXNativeTarget;
			buildConfigurationList = 2E5C61CF1AF5D17500C5C218 /* Build configuration list for PBXNativeTarget "ShoeConverter" */;
			buildPhases = (
				2E5C61AC1AF5D17400C5C218 /* Sources */,
				2E5C61AD1AF5D17400C5C218 /* Frameworks */,
				2E5C61AE1AF5D17400C5C218 /* Resources */,
			);
			buildRules = (
			);
			dependencies = (
			);
			name = ShoeConverter;
			productName = ShoeConverter;
			productReference = 2E5C61B01AF5D17400C5C218 /* ShoeConverter.app */;
			productType = "com.apple.product-type.application";
		};
		2E5C61C41AF5D17500C5C218 /* ShoeConverterTests */ = {
			isa = PBXNativeTarget;
			buildConfigurationList = 2E5C61D21AF5D17500C5C218 /* Build configuration list for PBXNativeTarget "ShoeConverterTests" */;
			buildPhases = (
				2E5C61C11AF5D17500C5C218 /* Sources */,
				2E5C61C21AF5D17500C5C218 /* Frameworks */,
				2E5C61C31AF5D17500C5C218 /* Resources */,
			);
			buildRules = (
			);
			dependencies = (
				2E5C61C71AF5D17500C5C218 /* PBXTargetDependency */,
			);
			name = ShoeConverterTests;
			productName = ShoeConverterTests;
			productReference = 2E5C61C51AF5D17500C5C218 /* ShoeConverterTests.xctest */;
			productType = "com.apple.product-type.bundle.unit-test";
		};
/* End PBXNativeTarget section */

/* Begin PBXProject section */
		2E5C61A81AF5D17400C5C218 /* Project object */ = {
			isa = PBXProject;
			attributes = {
				LastUpgradeCheck = 0630;
				ORGANIZATIONNAME = "Ryan Jones";
				TargetAttributes = {
					2E5C61AF1AF5D17400C5C218 = {
						CreatedOnToolsVersion = 6.3.1;
					};
					2E5C61C41AF5D17500C5C218 = {
						CreatedOnToolsVersion = 6.3.1;
						TestTargetID = 2E5C61AF1AF5D17400C5C218;
					};
				};
			};
			buildConfigurationList = 2E5C61AB1AF5D17400C5C218 /* Build configuration list for PBXProject "ShoeConverter" */;
			compatibilityVersion = "Xcode 3.2";
			developmentRegion = English;
			hasScannedForEncodings = 0;
			knownRegions = (
				en,
				Base,
			);
			mainGroup = 2E5C61A71AF5D17400C5C218;
			productRefGroup = 2E5C61B11AF5D17400C5C218 /* Products */;
			projectDirPath = "";
			projectRoot = "";
			targets = (
				2E5C61AF1AF5D17400C5C218 /* ShoeConverter */,
				2E5C61C41AF5D17500C5C218 /* ShoeConverterTests */,
			);
		};
/* End PBXProject section */

/* Begin PBXResourcesBuildPhase section */
		2E5C61AE1AF5D17400C5C218 /* Resources */ = {
			isa = PBXResourcesBuildPhase;
			buildActionMask = 2147483647;
			files = (
				2E5C61BB1AF5D17400C5C218 /* Main.storyboard in Resources */,
				2E5C61C01AF5D17400C5C218 /* LaunchScreen.xib in Resources */,
				2E5C61BD1AF5D17400C5C218 /* Images.xcassets in Resources */,
			);
			runOnlyForDeploymentPostprocessing = 0;
		};
		2E5C61C31AF5D17500C5C218 /* Resources */ = {
			isa = PBXResourcesBuildPhase;
			buildActionMask = 2147483647;
			files = (
			);
			runOnlyForDeploymentPostprocessing = 0;
		};
/* End PBXResourcesBuildPhase section */

/* Begin PBXSourcesBuildPhase section */
		2E5C61AC1AF5D17400C5C218 /* Sources */ = {
			isa = PBXSourcesBuildPhase;
			buildActionMask = 2147483647;
			files = (
				2E5C61B81AF5D17400C5C218 /* ViewController.swift in Sources */,
				2E5C61B61AF5D17400C5C218 /* AppDelegate.swift in Sources */,
			);
			runOnlyForDeploymentPostprocessing = 0;
		};
		2E5C61C11AF5D17500C5C218 /* Sources */ = {
			isa = PBXSourcesBuildPhase;
			buildActionMask = 2147483647;
			files = (
				2E5C61CC1AF5D17500C5C218 /* ShoeConverterTests.swift in Sources */,
			);
			runOnlyForDeploymentPostprocessing = 0;
		};
/* End PBXSourcesBuildPhase section */

/* Begin PBXTargetDependency section */
		2E5C61C71AF5D17500C5C218 /* PBXTargetDependency */ = {
			isa = PBXTargetDependency;
			target = 2E5C61AF1AF5D17400C5C218 /* ShoeConverter */;
			targetProxy = 2E5C61C61AF5D17500C5C218 /* PBXContainerItemProxy */;
		};
/* End PBXTargetDependency section */

/* Begin PBXVariantGroup section */
		2E5C61B91AF5D17400C5C218 /* Main.storyboard */ = {
			isa = PBXVariantGroup;
			children = (
				2E5C61BA1AF5D17400C5C218 /* Base */,
			);
			name = Main.storyboard;
			sourceTree = "<group>";
		};
		2E5C61BE1AF5D17400C5C218 /* LaunchScreen.xib */ = {
			isa = PBXVariantGroup;
			children = (
				2E5C61BF1AF5D17400C5C218 /* Base */,
			);
			name = LaunchScreen.xib;
			sourceTree = "<group>";
		};
/* End PBXVariantGroup section */

/* Begin XCBuildConfiguration section */
		2E5C61CD1AF5D17500C5C218 /* Debug */ = {
			isa = XCBuildConfiguration;
			buildSettings = {
				ALWAYS_SEARCH_USER_PATHS = NO;
				CLANG_CXX_LANGUAGE_STANDARD = "gnu++0x";
				CLANG_CXX_LIBRARY = "libc++";
				CLANG_ENABLE_MODULES = YES;
				CLANG_ENABLE_OBJC_ARC = YES;
				CLANG_WARN_BOOL_CONVERSION = YES;
				CLANG_WARN_CONSTANT_CONVERSION = YES;
				CLANG_WARN_DIRECT_OBJC_ISA_USAGE = YES_ERROR;
				CLANG_WARN_EMPTY_BODY = YES;
				CLANG_WARN_ENUM_CONVERSION = YES;
				CLANG_WARN_INT_CONVERSION = YES;
				CLANG_WARN_OBJC_ROOT_CLASS = YES_ERROR;
				CLANG_WARN_UNREACHABLE_CODE = YES;
				CLANG_WARN__DUPLICATE_METHOD_MATCH = YES;
				"CODE_SIGN_IDENTITY[sdk=iphoneos*]" = "iPhone Developer";
				COPY_PHASE_STRIP = NO;
				DEBUG_INFORMATION_FORMAT = "dwarf-with-dsym";
				ENABLE_STRICT_OBJC_MSGSEND = YES;
				GCC_C_LANGUAGE_STANDARD = gnu99;
				GCC_DYNAMIC_NO_PIC = NO;
				GCC_NO_COMMON_BLOCKS = YES;
				GCC_OPTIMIZATION_LEVEL = 0;
				GCC_PREPROCESSOR_DEFINITIONS = (
					"DEBUG=1",
					"$(inherited)",
				);
				GCC_SYMBOLS_PRIVATE_EXTERN = NO;
				GCC_WARN_64_TO_32_BIT_CONVERSION = YES;
				GCC_WARN_ABOUT_RETURN_TYPE = YES_ERROR;
				GCC_WARN_UNDECLARED_SELECTOR = YES;
				GCC_WARN_UNINITIALIZED_AUTOS = YES_AGGRESSIVE;
				GCC_WARN_UNUSED_FUNCTION = YES;
				GCC_WARN_UNUSED_VARIABLE = YES;
				IPHONEOS_DEPLOYMENT_TARGET = 8.3;
				MTL_ENABLE_DEBUG_INFO = YES;
				ONLY_ACTIVE_ARCH = YES;
				SDKROOT = iphoneos;
				SWIFT_OPTIMIZATION_LEVEL = "-Onone";
				TARGETED_DEVICE_FAMILY = "1,2";
			};
			name = Debug;
		};
		2E5C61CE1AF5D17500C5C218 /* Release */ = {
			isa = XCBuildConfiguration;
			buildSettings = {
				ALWAYS_SEARCH_USER_PATHS = NO;
				CLANG_CXX_LANGUAGE_STANDARD = "gnu++0x";
				CLANG_CXX_LIBRARY = "libc++";
				CLANG_ENABLE_MODULES = YES;
				CLANG_ENABLE_OBJC_ARC = YES;
				CLANG_WARN_BOOL_CONVERSION = YES;
				CLANG_WARN_CONSTANT_CONVERSION = YES;
				CLANG_WARN_DIRECT_OBJC_ISA_USAGE = YES_ERROR;
				CLANG_WARN_EMPTY_BODY = YES;
				CLANG_WARN_ENUM_CONVERSION = YES;
				CLANG_WARN_INT_CONVERSION = YES;
				CLANG_WARN_OBJC_ROOT_CLASS = YES_ERROR;
				CLANG_WARN_UNREACHABLE_CODE = YES;
				CLANG_WARN__DUPLICATE_METHOD_MATCH = YES;
				"CODE_SIGN_IDENTITY[sdk=iphoneos*]" = "iPhone Developer";
				COPY_PHASE_STRIP = NO;
				DEBUG_INFORMATION_FORMAT = "dwarf-with-dsym";
				ENABLE_NS_ASSERTIONS = NO;
				ENABLE_STRICT_OBJC_MSGSEND = YES;
				GCC_C_LANGUAGE_STANDARD = gnu99;
				GCC_NO_COMMON_BLOCKS = YES;
				GCC_WARN_64_TO_32_BIT_CONVERSION = YES;
				GCC_WARN_ABOUT_RETURN_TYPE = YES_ERROR;
				GCC_WARN_UNDECLARED_SELECTOR = YES;
				GCC_WARN_UNINITIALIZED_AUTOS = YES_AGGRESSIVE;
				GCC_WARN_UNUSED_FUNCTION = YES;
				GCC_WARN_UNUSED_VARIABLE = YES;
				IPHONEOS_DEPLOYMENT_TARGET = 8.3;
				MTL_ENABLE_DEBUG_INFO = NO;
				SDKROOT = iphoneos;
				TARGETED_DEVICE_FAMILY = "1,2";
				VALIDATE_PRODUCT = YES;
			};
			name = Release;
		};
		2E5C61D01AF5D17500C5C218 /* Debug */ = {
			isa = XCBuildConfiguration;
			buildSettings = {
				ASSETCATALOG_COMPILER_APPICON_NAME = AppIcon;
				INFOPLIST_FILE = ShoeConverter/Info.plist;
				LD_RUNPATH_SEARCH_PATHS = "$(inherited) @executable_path/Frameworks";
				PRODUCT_NAME = "$(TARGET_NAME)";
			};
			name = Debug;
		};
		2E5C61D11AF5D17500C5C218 /* Release */ = {
			isa = XCBuildConfiguration;
			buildSettings = {
				ASSETCATALOG_COMPILER_APPICON_NAME = AppIcon;
				INFOPLIST_FILE = ShoeConverter/Info.plist;
				LD_RUNPATH_SEARCH_PATHS = "$(inherited) @executable_path/Frameworks";
				PRODUCT_NAME = "$(TARGET_NAME)";
			};
			name = Release;
		};
		2E5C61D31AF5D17500C5C218 /* Debug */ = {
			isa = XCBuildConfiguration;
			buildSettings = {
				BUNDLE_LOADER = "$(TEST_HOST)";
				FRAMEWORK_SEARCH_PATHS = (
					"$(SDKROOT)/Developer/Library/Frameworks",
					"$(inherited)",
				);
				GCC_PREPROCESSOR_DEFINITIONS = (
					"DEBUG=1",
					"$(inherited)",
				);
				INFOPLIST_FILE = ShoeConverterTests/Info.plist;
				LD_RUNPATH_SEARCH_PATHS = "$(inherited) @executable_path/Frameworks @loader_path/Frameworks";
				PRODUCT_NAME = "$(TARGET_NAME)";
				TEST_HOST = "$(BUILT_PRODUCTS_DIR)/ShoeConverter.app/ShoeConverter";
			};
			name = Debug;
		};
		2E5C61D41AF5D17500C5C218 /* Release */ = {
			isa = XCBuildConfiguration;
			buildSettings = {
				BUNDLE_LOADER = "$(TEST_HOST)";
				FRAMEWORK_SEARCH_PATHS = (
					"$(SDKROOT)/Developer/Library/Frameworks",
					"$(inherited)",
				);
				INFOPLIST_FILE = ShoeConverterTests/Info.plist;
				LD_RUNPATH_SEARCH_PATHS = "$(inherited) @executable_path/Frameworks @loader_path/Frameworks";
				PRODUCT_NAME = "$(TARGET_NAME)";
				TEST_HOST = "$(BUILT_PRODUCTS_DIR)/ShoeConverter.app/ShoeConverter";
			};
			name = Release;
		};
/* End XCBuildConfiguration section */

/* Begin XCConfigurationList section */
		2E5C61AB1AF5D17400C5C218 /* Build configuration list for PBXProject "ShoeConverter" */ = {
			isa = XCConfigurationList;
			buildConfigurations = (
				2E5C61CD1AF5D17500C5C218 /* Debug */,
				2E5C61CE1AF5D17500C5C218 /* Release */,
			);
			defaultConfigurationIsVisible = 0;
			defaultConfigurationName = Release;
		};
		2E5C61CF1AF5D17500C5C218 /* Build configuration list for PBXNativeTarget "ShoeConverter" */ = {
			isa = XCConfigurationList;
			buildConfigurations = (
				2E5C61D01AF5D17500C5C218 /* Debug */,
				2E5C61D11AF5D17500C5C218 /* Release */,
			);
			defaultConfigurationIsVisible = 0;
		};
		2E5C61D21AF5D17500C5C218 /* Build configuration list for PBXNativeTarget "ShoeConverterTests" */ = {
			isa = XCConfigurationList;
			buildConfigurations = (
				2E5C61D31AF5D17500C5C218 /* Debug */,
				2E5C61D41AF5D17500C5C218 /* Release */,
			);
			defaultConfigurationIsVisible = 0;
		};
/* End XCConfigurationList section */
	};
	rootObject = 2E5C61A81AF5D17400C5C218 /* Project object */;
}
